<?xml version="1.0" encoding="utf-8"?>
<Project ToolsVersion="4.0" xmlns="http://schemas.microsoft.com/developer/msbuild/2003">
  <ItemGroup>
    <Filter Include="소스 파일">
      <UniqueIdentifier>{4FC737F1-C7A5-4376-A066-2A32D752A2FF}</UniqueIdentifier>
      <Extensions>cpp;c;cc;cxx;c++;cppm;ixx;def;odl;idl;hpj;bat;asm;asmx</Extensions>
    </Filter>
    <Filter Include="헤더 파일">
      <UniqueIdentifier>{93995380-89BD-4b04-88EB-625FBE52EBFB}</UniqueIdentifier>
      <Extensions>h;hh;hpp;hxx;h++;hm;inl;inc;ipp;xsd</Extensions>
    </Filter>
    <Filter Include="리소스 파일">
      <UniqueIdentifier>{67DA6AB6-F800-4c08-8B7A-83BB121AAD01}</UniqueIdentifier>
      <Extensions>rc;ico;cur;bmp;dlg;rc2;rct;bin;rgs;gif;jpg;jpeg;jpe;resx;tiff;tif;png;wav;mfcribbon-ms</Extensions>
    </Filter>
    <Filter Include="소스 파일\01. Obj">
      <UniqueIdentifier>{4c0b1366-1daf-4627-9ea0-ec5fbe2c1ca8}</UniqueIdentifier>
    </Filter>
    <Filter Include="소스 파일\00. MainGame">
      <UniqueIdentifier>{a6451424-aa88-486c-a4fb-4f505b6a79b2}</UniqueIdentifier>
    </Filter>
    <Filter Include="소스 파일\02. Design">
      <UniqueIdentifier>{8158dcb1-c838-464f-8e82-8cf107cbd535}</UniqueIdentifier>
    </Filter>
    <Filter Include="소스 파일\01. Obj\00. Bullet">
      <UniqueIdentifier>{5ca28200-01b7-4db4-a709-2e140aca1542}</UniqueIdentifier>
    </Filter>
    <Filter Include="소스 파일\01. Obj\01. Player">
      <UniqueIdentifier>{dc170bf2-7760-44a7-b0e6-1c3466a655db}</UniqueIdentifier>
    </Filter>
    <Filter Include="소스 파일\01. Obj\02. Monster">
      <UniqueIdentifier>{e2f4a62b-a028-47c7-b9ea-174d1e8bfc35}</UniqueIdentifier>
    </Filter>
    <Filter Include="소스 파일\01. Obj\03. Npc">
      <UniqueIdentifier>{f275c460-e083-4ce7-86d3-04c826ecfaec}</UniqueIdentifier>
    </Filter>
    <Filter Include="소스 파일\01. Obj\04. Item">
      <UniqueIdentifier>{ae8439d4-324f-471f-8821-b3ea5b4fd616}</UniqueIdentifier>
    </Filter>
    <Filter Include="소스 파일\01. Obj\04. Item\00. AssistPlayer">
      <UniqueIdentifier>{a9f9bd62-61a6-45b0-a08a-1f2a34365a80}</UniqueIdentifier>
    </Filter>
    <Filter Include="소스 파일\03. Interface">
      <UniqueIdentifier>{642bc361-db90-46e3-b58d-fb3589a67428}</UniqueIdentifier>
    </Filter>
    <Filter Include="소스 파일\03. Interface\01. ItemEquip">
      <UniqueIdentifier>{965fe0ec-b298-4076-b7a4-2171015ac98c}</UniqueIdentifier>
    </Filter>
    <Filter Include="소스 파일\03. Interface\02. Fps">
      <UniqueIdentifier>{eeca2b11-9d91-409b-b58e-d56dd7f34f22}</UniqueIdentifier>
    </Filter>
    <Filter Include="소스 파일\04. Stage">
      <UniqueIdentifier>{6d84bd3e-e2fd-4006-86d0-1c4ae994c5b7}</UniqueIdentifier>
    </Filter>
    <Filter Include="소스 파일\03. Interface\00. PlayerStatus">
      <UniqueIdentifier>{723b55fd-54b3-4bfc-9ff5-5e3ed9ea22c1}</UniqueIdentifier>
    </Filter>
    <Filter Include="소스 파일\01. Obj\05. SupplyPlane">
      <UniqueIdentifier>{7c8e25de-f48f-417b-839d-605bb5c280f0}</UniqueIdentifier>
    </Filter>
    <Filter Include="소스 파일\01. Obj\04. Item\01. SheildItem">
      <UniqueIdentifier>{39f44e2a-7b66-44f1-b779-2dddc7287815}</UniqueIdentifier>
    </Filter>
    <Filter Include="소스 파일\01. Obj\05. ItemEffect">
      <UniqueIdentifier>{0725ee65-e08d-4a8d-918d-e4f2b68a4a45}</UniqueIdentifier>
    </Filter>
    <Filter Include="소스 파일\01. Obj\05. ItemEffect\00. AssistPlayer">
      <UniqueIdentifier>{6694f85d-e1ef-4e71-a93c-4e30c630b961}</UniqueIdentifier>
    </Filter>
    <Filter Include="소스 파일\01. Obj\05. ItemEffect\01. Shiled">
      <UniqueIdentifier>{2361bc71-a0e2-4bc0-b989-1dfa97ea0b22}</UniqueIdentifier>
    </Filter>
    <Filter Include="소스 파일\01. Obj\05. ItemEffect\02. BeamSword">
      <UniqueIdentifier>{d994b386-4fff-405d-b050-d679c53bdcd8}</UniqueIdentifier>
    </Filter>
  </ItemGroup>
  <ItemGroup>
    <ClInclude Include="framework.h">
      <Filter>헤더 파일</Filter>
    </ClInclude>
    <ClInclude Include="targetver.h">
      <Filter>헤더 파일</Filter>
    </ClInclude>
    <ClInclude Include="Resource.h">
      <Filter>헤더 파일</Filter>
    </ClInclude>
    <ClInclude Include="230921.h">
      <Filter>헤더 파일</Filter>
    </ClInclude>
    <ClInclude Include="pch.h">
      <Filter>헤더 파일</Filter>
    </ClInclude>
    <ClInclude Include="Define.h">
      <Filter>헤더 파일</Filter>
    </ClInclude>
    <ClInclude Include="MainGame.h">
      <Filter>소스 파일\00. MainGame</Filter>
    </ClInclude>
    <ClInclude Include="Obj.h">
      <Filter>소스 파일\01. Obj</Filter>
    </ClInclude>
    <ClInclude Include="Bullet.h">
      <Filter>소스 파일\01. Obj\00. Bullet</Filter>
    </ClInclude>
    <ClInclude Include="Player.h">
      <Filter>소스 파일\01. Obj\01. Player</Filter>
    </ClInclude>
    <ClInclude Include="Monster.h">
      <Filter>소스 파일\01. Obj\02. Monster</Filter>
    </ClInclude>
    <ClInclude Include="AbstractFactory.h">
      <Filter>소스 파일\02. Design</Filter>
    </ClInclude>
    <ClInclude Include="Npc.h">
      <Filter>소스 파일\01. Obj\03. Npc</Filter>
    </ClInclude>
    <ClInclude Include="Item.h">
      <Filter>소스 파일\01. Obj\04. Item</Filter>
    </ClInclude>
    <ClInclude Include="AssistPlayerItem.h">
      <Filter>소스 파일\01. Obj\04. Item\00. AssistPlayer</Filter>
    </ClInclude>
    <ClInclude Include="Interface.h">
      <Filter>소스 파일\03. Interface</Filter>
    </ClInclude>
    <ClInclude Include="PlayerStatus.h">
      <Filter>소스 파일\03. Interface\00. PlayerStatus</Filter>
    </ClInclude>
    <ClInclude Include="ItemEquip.h">
      <Filter>소스 파일\03. Interface\01. ItemEquip</Filter>
    </ClInclude>
    <ClInclude Include="Fps.h">
      <Filter>소스 파일\03. Interface\02. Fps</Filter>
    </ClInclude>
    <ClInclude Include="SupplyPlane.h">
      <Filter>소스 파일\01. Obj\05. SupplyPlane</Filter>
    </ClInclude>
    <ClInclude Include="ShieldItem.h">
      <Filter>소스 파일\01. Obj\04. Item\01. SheildItem</Filter>
    </ClInclude>
    <ClInclude Include="AssistPlayer.h">
      <Filter>소스 파일\01. Obj\05. ItemEffect\00. AssistPlayer</Filter>
    </ClInclude>
    <ClInclude Include="ItemEffect.h">
      <Filter>소스 파일\01. Obj\05. ItemEffect</Filter>
    </ClInclude>
    <ClInclude Include="Shield.h">
      <Filter>소스 파일\01. Obj\05. ItemEffect\01. Shiled</Filter>
    </ClInclude>
    <ClInclude Include="BeamSwrod.h">
      <Filter>소스 파일\01. Obj\05. ItemEffect\02. BeamSword</Filter>
    </ClInclude>
  </ItemGroup>
  <ItemGroup>
    <ClCompile Include="230921.cpp">
      <Filter>소스 파일</Filter>
    </ClCompile>
    <ClCompile Include="pch.cpp">
      <Filter>소스 파일</Filter>
    </ClCompile>
    <ClCompile Include="MainGame.cpp">
      <Filter>소스 파일\00. MainGame</Filter>
    </ClCompile>
    <ClCompile Include="Obj.cpp">
      <Filter>소스 파일\01. Obj</Filter>
    </ClCompile>
    <ClCompile Include="Bullet.cpp">
      <Filter>소스 파일\01. Obj\00. Bullet</Filter>
    </ClCompile>
    <ClCompile Include="Player.cpp">
      <Filter>소스 파일\01. Obj\01. Player</Filter>
    </ClCompile>
    <ClCompile Include="Monster.cpp">
      <Filter>소스 파일\01. Obj\02. Monster</Filter>
    </ClCompile>
    <ClCompile Include="Npc.cpp">
      <Filter>소스 파일\01. Obj\03. Npc</Filter>
    </ClCompile>
    <ClCompile Include="Item.cpp">
      <Filter>소스 파일\01. Obj\04. Item</Filter>
    </ClCompile>
    <ClCompile Include="AssistPlayerItem.cpp">
      <Filter>소스 파일\01. Obj\04. Item\00. AssistPlayer</Filter>
    </ClCompile>
    <ClCompile Include="Interface.cpp">
      <Filter>소스 파일\03. Interface</Filter>
    </ClCompile>
    <ClCompile Include="PlayerStatus.cpp">
      <Filter>소스 파일\03. Interface\00. PlayerStatus</Filter>
    </ClCompile>
    <ClCompile Include="ItemEquip.cpp">
      <Filter>소스 파일\03. Interface\01. ItemEquip</Filter>
    </ClCompile>
    <ClCompile Include="Fps.cpp">
      <Filter>소스 파일\03. Interface\02. Fps</Filter>
    </ClCompile>
    <ClCompile Include="SupplyPlane.cpp">
      <Filter>소스 파일\01. Obj\05. SupplyPlane</Filter>
    </ClCompile>
    <ClCompile Include="ShieldItem.cpp">
      <Filter>소스 파일\01. Obj\04. Item\01. SheildItem</Filter>
    </ClCompile>
    <ClCompile Include="AssistPlayer.cpp">
      <Filter>소스 파일\01. Obj\05. ItemEffect\00. AssistPlayer</Filter>
    </ClCompile>
    <ClCompile Include="ItemEffect.cpp">
      <Filter>소스 파일\01. Obj\05. ItemEffect</Filter>
    </ClCompile>
    <ClCompile Include="Shield.cpp">
      <Filter>소스 파일\01. Obj\05. ItemEffect\01. Shiled</Filter>
    </ClCompile>
    <ClCompile Include="BeamSwrod.cpp">
      <Filter>소스 파일\01. Obj\05. ItemEffect\02. BeamSword</Filter>
    </ClCompile>
  </ItemGroup>
  <ItemGroup>
    <ResourceCompile Include="230921.rc">
      <Filter>리소스 파일</Filter>
    </ResourceCompile>
  </ItemGroup>
  <ItemGroup>
    <Image Include="small.ico">
      <Filter>리소스 파일</Filter>
    </Image>
    <Image Include="230921.ico">
      <Filter>리소스 파일</Filter>
    </Image>
  </ItemGroup>
  <ItemGroup>
    <None Include="필기.md" />
  </ItemGroup>
  <ItemGroup>
    <Text Include="숙제.txt">
      <Filter>소스 파일</Filter>
    </Text>
    <Text Include="Todo List.txt" />
  </ItemGroup>
</Project>